lockVersion: 2.0.0
id: dfa99515-01c0-42eb-9be5-ee212fd03eb3
management:
  docChecksum: 34d22936f2456c2c461abdfc773e3fc4
  docVersion: 0.0.3
  speakeasyVersion: internal
  generationVersion: 2.228.1
  releaseVersion: 0.0.2
  configChecksum: 8ec0262eb88fedd583b12ba41ef0ef38
  repoURL: https://github.com/LukeHagar/plexgo.git
  repoSubDirectory: .
  installationURL: https://github.com/LukeHagar/plexgo
  published: true
features:
  go:
    constsAndDefaults: 0.1.2
    core: 3.3.0
    flattening: 2.81.1
    globalSecurity: 2.82.3
    globalServerURLs: 2.82.1
    nameOverrides: 2.81.1
generatedFiles:
  - server.go
  - media.go
  - activities.go
  - butler.go
  - hubs.go
  - search.go
  - library.go
  - log.go
  - playlists.go
  - security.go
  - sessions.go
  - updater.go
  - video.go
  - plexapi.go
  - go.mod
  - go.sum
  - tests/helpers.go
  - models/sdkerrors/sdkerror.go
  - types/bigint.go
  - types/date.go
  - types/datetime.go
  - types/decimal.go
  - types/pointers.go
  - internal/utils/contenttype.go
  - internal/utils/form.go
  - internal/utils/headers.go
  - internal/utils/json.go
  - internal/utils/pathparams.go
  - internal/utils/queryparams.go
  - internal/utils/requestbody.go
  - internal/utils/retries.go
  - internal/utils/security.go
  - internal/utils/utils.go
  - /models/operations/getservercapabilities.go
  - /models/operations/getserverpreferences.go
  - /models/operations/getavailableclients.go
  - /models/operations/getdevices.go
  - /models/operations/getserveridentity.go
  - /models/operations/getmyplexaccount.go
  - /models/operations/getresizedphoto.go
  - /models/operations/getserverlist.go
  - /models/operations/markplayed.go
  - /models/operations/markunplayed.go
  - /models/operations/updateplayprogress.go
  - /models/operations/getserveractivities.go
  - /models/operations/cancelserveractivities.go
  - /models/operations/getbutlertasks.go
  - /models/operations/startalltasks.go
  - /models/operations/stopalltasks.go
  - /models/operations/starttask.go
  - /models/operations/stoptask.go
  - /models/operations/getglobalhubs.go
  - /models/operations/getlibraryhubs.go
  - /models/operations/performsearch.go
  - /models/operations/performvoicesearch.go
  - /models/operations/getsearchresults.go
  - /models/operations/getfilehash.go
  - /models/operations/getrecentlyadded.go
  - /models/operations/getlibraries.go
  - /models/operations/getlibrary.go
  - /models/operations/deletelibrary.go
  - /models/operations/getlibraryitems.go
  - /models/operations/refreshlibrary.go
  - /models/operations/getlatestlibraryitems.go
  - /models/operations/getcommonlibraryitems.go
  - /models/operations/getmetadata.go
  - /models/operations/getmetadatachildren.go
  - /models/operations/getondeck.go
  - /models/operations/logline.go
  - /models/operations/logmultiline.go
  - /models/operations/enablepapertrail.go
  - /models/operations/createplaylist.go
  - /models/operations/getplaylists.go
  - /models/operations/getplaylist.go
  - /models/operations/deleteplaylist.go
  - /models/operations/updateplaylist.go
  - /models/operations/getplaylistcontents.go
  - /models/operations/clearplaylistcontents.go
  - /models/operations/addplaylistcontents.go
  - /models/operations/uploadplaylist.go
  - /models/operations/gettransienttoken.go
  - /models/operations/getsourceconnectioninformation.go
  - /models/operations/getsessions.go
  - /models/operations/getsessionhistory.go
  - /models/operations/gettranscodesessions.go
  - /models/operations/stoptranscodesession.go
  - /models/operations/getupdatestatus.go
  - /models/operations/checkforupdates.go
  - /models/operations/applyupdates.go
  - /models/operations/startuniversaltranscode.go
  - /models/operations/gettimeline.go
  - /models/sdkerrors/getservercapabilities.go
  - /models/sdkerrors/getserverpreferences.go
  - /models/sdkerrors/getavailableclients.go
  - /models/sdkerrors/getdevices.go
  - /models/sdkerrors/getserveridentity.go
  - /models/sdkerrors/getmyplexaccount.go
  - /models/sdkerrors/getresizedphoto.go
  - /models/sdkerrors/getserverlist.go
  - /models/sdkerrors/markplayed.go
  - /models/sdkerrors/markunplayed.go
  - /models/sdkerrors/updateplayprogress.go
  - /models/sdkerrors/getserveractivities.go
  - /models/sdkerrors/cancelserveractivities.go
  - /models/sdkerrors/getbutlertasks.go
  - /models/sdkerrors/startalltasks.go
  - /models/sdkerrors/stopalltasks.go
  - /models/sdkerrors/starttask.go
  - /models/sdkerrors/stoptask.go
  - /models/sdkerrors/getglobalhubs.go
  - /models/sdkerrors/getlibraryhubs.go
  - /models/sdkerrors/performsearch.go
  - /models/sdkerrors/performvoicesearch.go
  - /models/sdkerrors/getsearchresults.go
  - /models/sdkerrors/getfilehash.go
  - /models/sdkerrors/getrecentlyadded.go
  - /models/sdkerrors/getlibraries.go
  - /models/sdkerrors/getlibrary.go
  - /models/sdkerrors/deletelibrary.go
  - /models/sdkerrors/getlibraryitems.go
  - /models/sdkerrors/refreshlibrary.go
  - /models/sdkerrors/getlatestlibraryitems.go
  - /models/sdkerrors/getcommonlibraryitems.go
  - /models/sdkerrors/getmetadata.go
  - /models/sdkerrors/getmetadatachildren.go
  - /models/sdkerrors/getondeck.go
  - /models/sdkerrors/logline.go
  - /models/sdkerrors/logmultiline.go
  - /models/sdkerrors/enablepapertrail.go
  - /models/sdkerrors/createplaylist.go
  - /models/sdkerrors/getplaylists.go
  - /models/sdkerrors/getplaylist.go
  - /models/sdkerrors/deleteplaylist.go
  - /models/sdkerrors/updateplaylist.go
  - /models/sdkerrors/getplaylistcontents.go
  - /models/sdkerrors/clearplaylistcontents.go
  - /models/sdkerrors/addplaylistcontents.go
  - /models/sdkerrors/uploadplaylist.go
  - /models/sdkerrors/gettransienttoken.go
  - /models/sdkerrors/getsourceconnectioninformation.go
  - /models/sdkerrors/getsessions.go
  - /models/sdkerrors/getsessionhistory.go
  - /models/sdkerrors/gettranscodesessions.go
  - /models/sdkerrors/stoptranscodesession.go
  - /models/sdkerrors/getupdatestatus.go
  - /models/sdkerrors/checkforupdates.go
  - /models/sdkerrors/applyupdates.go
  - /models/sdkerrors/startuniversaltranscode.go
  - /models/sdkerrors/gettimeline.go
  - /models/components/security.go
  - docs/models/operations/directory.md
  - docs/models/operations/mediacontainer.md
  - docs/models/operations/getservercapabilitiesresponsebody.md
  - docs/models/operations/getservercapabilitiesresponse.md
  - docs/models/operations/getserverpreferencesresponse.md
  - docs/models/operations/server.md
  - docs/models/operations/getavailableclientsmediacontainer.md
  - docs/models/operations/responsebody.md
  - docs/models/operations/getavailableclientsresponse.md
  - docs/models/operations/device.md
  - docs/models/operations/getdevicesmediacontainer.md
  - docs/models/operations/getdevicesresponsebody.md
  - docs/models/operations/getdevicesresponse.md
  - docs/models/operations/getserveridentitymediacontainer.md
  - docs/models/operations/getserveridentityresponsebody.md
  - docs/models/operations/getserveridentityresponse.md
  - docs/models/operations/myplex.md
  - docs/models/operations/getmyplexaccountresponsebody.md
  - docs/models/operations/getmyplexaccountresponse.md
  - docs/models/operations/minsize.md
  - docs/models/operations/upscale.md
  - docs/models/operations/getresizedphotorequest.md
  - docs/models/operations/getresizedphotoresponse.md
  - docs/models/operations/getserverlistserver.md
  - docs/models/operations/getserverlistmediacontainer.md
  - docs/models/operations/getserverlistresponsebody.md
  - docs/models/operations/getserverlistresponse.md
  - docs/models/operations/markplayedrequest.md
  - docs/models/operations/markplayedresponse.md
  - docs/models/operations/markunplayedrequest.md
  - docs/models/operations/markunplayedresponse.md
  - docs/models/operations/updateplayprogressrequest.md
  - docs/models/operations/updateplayprogressresponse.md
  - docs/models/operations/context.md
  - docs/models/operations/activity.md
  - docs/models/operations/getserveractivitiesmediacontainer.md
  - docs/models/operations/getserveractivitiesresponsebody.md
  - docs/models/operations/getserveractivitiesresponse.md
  - docs/models/operations/cancelserveractivitiesrequest.md
  - docs/models/operations/cancelserveractivitiesresponse.md
  - docs/models/operations/butlertask.md
  - docs/models/operations/butlertasks.md
  - docs/models/operations/getbutlertasksresponsebody.md
  - docs/models/operations/getbutlertasksresponse.md
  - docs/models/operations/startalltasksresponse.md
  - docs/models/operations/stopalltasksresponse.md
  - docs/models/operations/taskname.md
  - docs/models/operations/starttaskrequest.md
  - docs/models/operations/starttaskresponse.md
  - docs/models/operations/pathparamtaskname.md
  - docs/models/operations/stoptaskrequest.md
  - docs/models/operations/stoptaskresponse.md
  - docs/models/operations/onlytransient.md
  - docs/models/operations/getglobalhubsrequest.md
  - docs/models/operations/getglobalhubsresponse.md
  - docs/models/operations/queryparamonlytransient.md
  - docs/models/operations/getlibraryhubsrequest.md
  - docs/models/operations/getlibraryhubsresponse.md
  - docs/models/operations/performsearchrequest.md
  - docs/models/operations/performsearchresponse.md
  - docs/models/operations/performvoicesearchrequest.md
  - docs/models/operations/performvoicesearchresponse.md
  - docs/models/operations/getsearchresultsrequest.md
  - docs/models/operations/getsearchresultspart.md
  - docs/models/operations/getsearchresultsmedia.md
  - docs/models/operations/getsearchresultsgenre.md
  - docs/models/operations/getsearchresultsdirector.md
  - docs/models/operations/getsearchresultswriter.md
  - docs/models/operations/getsearchresultscountry.md
  - docs/models/operations/getsearchresultsrole.md
  - docs/models/operations/getsearchresultsmetadata.md
  - docs/models/operations/provider.md
  - docs/models/operations/getsearchresultsmediacontainer.md
  - docs/models/operations/getsearchresultsresponsebody.md
  - docs/models/operations/getsearchresultsresponse.md
  - docs/models/operations/getfilehashrequest.md
  - docs/models/operations/getfilehashresponse.md
  - docs/models/operations/part.md
  - docs/models/operations/media.md
  - docs/models/operations/genre.md
  - docs/models/operations/director.md
  - docs/models/operations/writer.md
  - docs/models/operations/country.md
  - docs/models/operations/role.md
  - docs/models/operations/metadata.md
  - docs/models/operations/getrecentlyaddedmediacontainer.md
  - docs/models/operations/getrecentlyaddedresponsebody.md
  - docs/models/operations/getrecentlyaddedresponse.md
  - docs/models/operations/getlibrariesresponse.md
  - docs/models/operations/includedetails.md
  - docs/models/operations/getlibraryrequest.md
  - docs/models/operations/getlibraryresponse.md
  - docs/models/operations/deletelibraryrequest.md
  - docs/models/operations/deletelibraryresponse.md
  - docs/models/operations/getlibraryitemsrequest.md
  - docs/models/operations/getlibraryitemsresponse.md
  - docs/models/operations/refreshlibraryrequest.md
  - docs/models/operations/refreshlibraryresponse.md
  - docs/models/operations/getlatestlibraryitemsrequest.md
  - docs/models/operations/getlatestlibraryitemsresponse.md
  - docs/models/operations/getcommonlibraryitemsrequest.md
  - docs/models/operations/getcommonlibraryitemsresponse.md
  - docs/models/operations/getmetadatarequest.md
  - docs/models/operations/getmetadataresponse.md
  - docs/models/operations/getmetadatachildrenrequest.md
  - docs/models/operations/getmetadatachildrenresponse.md
  - docs/models/operations/stream.md
  - docs/models/operations/getondeckpart.md
  - docs/models/operations/getondeckmedia.md
  - docs/models/operations/guids.md
  - docs/models/operations/getondeckmetadata.md
  - docs/models/operations/getondeckmediacontainer.md
  - docs/models/operations/getondeckresponsebody.md
  - docs/models/operations/getondeckresponse.md
  - docs/models/operations/level.md
  - docs/models/operations/loglinerequest.md
  - docs/models/operations/loglineresponse.md
  - docs/models/operations/logmultilineresponse.md
  - docs/models/operations/enablepapertrailresponse.md
  - docs/models/operations/type.md
  - docs/models/operations/smart.md
  - docs/models/operations/createplaylistrequest.md
  - docs/models/operations/createplaylistresponse.md
  - docs/models/operations/playlisttype.md
  - docs/models/operations/queryparamsmart.md
  - docs/models/operations/getplaylistsrequest.md
  - docs/models/operations/getplaylistsresponse.md
  - docs/models/operations/getplaylistrequest.md
  - docs/models/operations/getplaylistresponse.md
  - docs/models/operations/deleteplaylistrequest.md
  - docs/models/operations/deleteplaylistresponse.md
  - docs/models/operations/updateplaylistrequest.md
  - docs/models/operations/updateplaylistresponse.md
  - docs/models/operations/getplaylistcontentsrequest.md
  - docs/models/operations/getplaylistcontentsresponse.md
  - docs/models/operations/clearplaylistcontentsrequest.md
  - docs/models/operations/clearplaylistcontentsresponse.md
  - docs/models/operations/addplaylistcontentsrequest.md
  - docs/models/operations/addplaylistcontentsresponse.md
  - docs/models/operations/force.md
  - docs/models/operations/uploadplaylistrequest.md
  - docs/models/operations/uploadplaylistresponse.md
  - docs/models/operations/queryparamtype.md
  - docs/models/operations/scope.md
  - docs/models/operations/gettransienttokenrequest.md
  - docs/models/operations/gettransienttokenresponse.md
  - docs/models/operations/getsourceconnectioninformationrequest.md
  - docs/models/operations/getsourceconnectioninformationresponse.md
  - docs/models/operations/getsessionsresponse.md
  - docs/models/operations/getsessionhistoryresponse.md
  - docs/models/operations/transcodesession.md
  - docs/models/operations/gettranscodesessionsmediacontainer.md
  - docs/models/operations/gettranscodesessionsresponsebody.md
  - docs/models/operations/gettranscodesessionsresponse.md
  - docs/models/operations/stoptranscodesessionrequest.md
  - docs/models/operations/stoptranscodesessionresponse.md
  - docs/models/operations/getupdatestatusresponse.md
  - docs/models/operations/download.md
  - docs/models/operations/checkforupdatesrequest.md
  - docs/models/operations/checkforupdatesresponse.md
  - docs/models/operations/tonight.md
  - docs/models/operations/skip.md
  - docs/models/operations/applyupdatesrequest.md
  - docs/models/operations/applyupdatesresponse.md
  - docs/models/operations/startuniversaltranscoderequest.md
  - docs/models/operations/startuniversaltranscoderesponse.md
  - docs/models/operations/state.md
  - docs/models/operations/gettimelinerequest.md
  - docs/models/operations/gettimelineresponse.md
  - docs/models/sdkerrors/errors.md
  - docs/models/sdkerrors/getservercapabilitiesresponsebody.md
  - docs/models/sdkerrors/getserverpreferenceserrors.md
  - docs/models/sdkerrors/getserverpreferencesresponsebody.md
  - docs/models/sdkerrors/getavailableclientserrors.md
  - docs/models/sdkerrors/getavailableclientsresponsebody.md
  - docs/models/sdkerrors/getdeviceserrors.md
  - docs/models/sdkerrors/getdevicesresponsebody.md
  - docs/models/sdkerrors/getserveridentityerrors.md
  - docs/models/sdkerrors/getserveridentityresponsebody.md
  - docs/models/sdkerrors/getmyplexaccounterrors.md
  - docs/models/sdkerrors/getmyplexaccountresponsebody.md
  - docs/models/sdkerrors/getresizedphotoerrors.md
  - docs/models/sdkerrors/getresizedphotoresponsebody.md
  - docs/models/sdkerrors/getserverlisterrors.md
  - docs/models/sdkerrors/getserverlistresponsebody.md
  - docs/models/sdkerrors/markplayederrors.md
  - docs/models/sdkerrors/markplayedresponsebody.md
  - docs/models/sdkerrors/markunplayederrors.md
  - docs/models/sdkerrors/markunplayedresponsebody.md
  - docs/models/sdkerrors/updateplayprogresserrors.md
  - docs/models/sdkerrors/updateplayprogressresponsebody.md
  - docs/models/sdkerrors/getserveractivitieserrors.md
  - docs/models/sdkerrors/getserveractivitiesresponsebody.md
  - docs/models/sdkerrors/cancelserveractivitieserrors.md
  - docs/models/sdkerrors/cancelserveractivitiesresponsebody.md
  - docs/models/sdkerrors/getbutlertaskserrors.md
  - docs/models/sdkerrors/getbutlertasksresponsebody.md
  - docs/models/sdkerrors/startalltaskserrors.md
  - docs/models/sdkerrors/startalltasksresponsebody.md
  - docs/models/sdkerrors/stopalltaskserrors.md
  - docs/models/sdkerrors/stopalltasksresponsebody.md
  - docs/models/sdkerrors/starttaskerrors.md
  - docs/models/sdkerrors/starttaskresponsebody.md
  - docs/models/sdkerrors/stoptaskerrors.md
  - docs/models/sdkerrors/stoptaskresponsebody.md
  - docs/models/sdkerrors/getglobalhubserrors.md
  - docs/models/sdkerrors/getglobalhubsresponsebody.md
  - docs/models/sdkerrors/getlibraryhubserrors.md
  - docs/models/sdkerrors/getlibraryhubsresponsebody.md
  - docs/models/sdkerrors/performsearcherrors.md
  - docs/models/sdkerrors/performsearchresponsebody.md
  - docs/models/sdkerrors/performvoicesearcherrors.md
  - docs/models/sdkerrors/performvoicesearchresponsebody.md
  - docs/models/sdkerrors/getsearchresultserrors.md
  - docs/models/sdkerrors/getsearchresultsresponsebody.md
  - docs/models/sdkerrors/getfilehasherrors.md
  - docs/models/sdkerrors/getfilehashresponsebody.md
  - docs/models/sdkerrors/getrecentlyaddederrors.md
  - docs/models/sdkerrors/getrecentlyaddedresponsebody.md
  - docs/models/sdkerrors/getlibrarieserrors.md
  - docs/models/sdkerrors/getlibrariesresponsebody.md
  - docs/models/sdkerrors/getlibraryerrors.md
  - docs/models/sdkerrors/getlibraryresponsebody.md
  - docs/models/sdkerrors/deletelibraryerrors.md
  - docs/models/sdkerrors/deletelibraryresponsebody.md
  - docs/models/sdkerrors/getlibraryitemserrors.md
  - docs/models/sdkerrors/getlibraryitemsresponsebody.md
  - docs/models/sdkerrors/refreshlibraryerrors.md
  - docs/models/sdkerrors/refreshlibraryresponsebody.md
  - docs/models/sdkerrors/getlatestlibraryitemserrors.md
  - docs/models/sdkerrors/getlatestlibraryitemsresponsebody.md
  - docs/models/sdkerrors/getcommonlibraryitemserrors.md
  - docs/models/sdkerrors/getcommonlibraryitemsresponsebody.md
  - docs/models/sdkerrors/getmetadataerrors.md
  - docs/models/sdkerrors/getmetadataresponsebody.md
  - docs/models/sdkerrors/getmetadatachildrenerrors.md
  - docs/models/sdkerrors/getmetadatachildrenresponsebody.md
  - docs/models/sdkerrors/getondeckerrors.md
  - docs/models/sdkerrors/getondeckresponsebody.md
  - docs/models/sdkerrors/loglineerrors.md
  - docs/models/sdkerrors/loglineresponsebody.md
  - docs/models/sdkerrors/logmultilineerrors.md
  - docs/models/sdkerrors/logmultilineresponsebody.md
  - docs/models/sdkerrors/enablepapertrailerrors.md
  - docs/models/sdkerrors/enablepapertrailresponsebody.md
  - docs/models/sdkerrors/createplaylisterrors.md
  - docs/models/sdkerrors/createplaylistresponsebody.md
  - docs/models/sdkerrors/getplaylistserrors.md
  - docs/models/sdkerrors/getplaylistsresponsebody.md
  - docs/models/sdkerrors/getplaylisterrors.md
  - docs/models/sdkerrors/getplaylistresponsebody.md
  - docs/models/sdkerrors/deleteplaylisterrors.md
  - docs/models/sdkerrors/deleteplaylistresponsebody.md
  - docs/models/sdkerrors/updateplaylisterrors.md
  - docs/models/sdkerrors/updateplaylistresponsebody.md
  - docs/models/sdkerrors/getplaylistcontentserrors.md
  - docs/models/sdkerrors/getplaylistcontentsresponsebody.md
  - docs/models/sdkerrors/clearplaylistcontentserrors.md
  - docs/models/sdkerrors/clearplaylistcontentsresponsebody.md
  - docs/models/sdkerrors/addplaylistcontentserrors.md
  - docs/models/sdkerrors/addplaylistcontentsresponsebody.md
  - docs/models/sdkerrors/uploadplaylisterrors.md
  - docs/models/sdkerrors/uploadplaylistresponsebody.md
  - docs/models/sdkerrors/gettransienttokenerrors.md
  - docs/models/sdkerrors/gettransienttokenresponsebody.md
  - docs/models/sdkerrors/getsourceconnectioninformationerrors.md
  - docs/models/sdkerrors/getsourceconnectioninformationresponsebody.md
  - docs/models/sdkerrors/getsessionserrors.md
  - docs/models/sdkerrors/getsessionsresponsebody.md
  - docs/models/sdkerrors/getsessionhistoryerrors.md
  - docs/models/sdkerrors/getsessionhistoryresponsebody.md
  - docs/models/sdkerrors/gettranscodesessionserrors.md
  - docs/models/sdkerrors/gettranscodesessionsresponsebody.md
  - docs/models/sdkerrors/stoptranscodesessionerrors.md
  - docs/models/sdkerrors/stoptranscodesessionresponsebody.md
  - docs/models/sdkerrors/getupdatestatuserrors.md
  - docs/models/sdkerrors/getupdatestatusresponsebody.md
  - docs/models/sdkerrors/checkforupdateserrors.md
  - docs/models/sdkerrors/checkforupdatesresponsebody.md
  - docs/models/sdkerrors/applyupdateserrors.md
  - docs/models/sdkerrors/applyupdatesresponsebody.md
  - docs/models/sdkerrors/startuniversaltranscodeerrors.md
  - docs/models/sdkerrors/startuniversaltranscoderesponsebody.md
  - docs/models/sdkerrors/gettimelineerrors.md
  - docs/models/sdkerrors/gettimelineresponsebody.md
  - docs/models/components/security.md
  - docs/sdks/plexapi/README.md
  - docs/sdks/server/README.md
  - docs/sdks/media/README.md
  - docs/sdks/activities/README.md
  - docs/sdks/butler/README.md
  - docs/sdks/hubs/README.md
  - docs/sdks/search/README.md
  - docs/sdks/library/README.md
  - docs/sdks/log/README.md
  - docs/sdks/playlists/README.md
  - docs/sdks/security/README.md
  - docs/sdks/sessions/README.md
  - docs/sdks/updater/README.md
  - docs/sdks/video/README.md
  - USAGE.md
  - .gitattributes
