speakeasyVersion: 1.295.2
sources:
    my-source:
        sourceNamespace: my-source
        sourceRevisionDigest: sha256:f0d6d0f4ad4b275eba45faab38b3b00d94cb4de805817bf90e4d7765a7c04d5c
        sourceBlobDigest: sha256:0513dc4628aab683a2c18e0c7476b8d63860e0abe47fe172d59ad494cf4fedcf
        tags:
            - latest
            - main
targets:
    plexgo:
        source: my-source
        sourceNamespace: my-source
        sourceRevisionDigest: sha256:f0d6d0f4ad4b275eba45faab38b3b00d94cb4de805817bf90e4d7765a7c04d5c
        sourceBlobDigest: sha256:0513dc4628aab683a2c18e0c7476b8d63860e0abe47fe172d59ad494cf4fedcf
        outLocation: /github/workspace/repo
workflow:
    workflowVersion: 1.0.0
    speakeasyVersion: latest
    sources:
        my-source:
            inputs:
                - location: https://raw.githubusercontent.com/LukeHagar/plex-api-spec/main/plex-media-server-spec-dereferenced.yaml
            registry:
                location: registry.speakeasyapi.dev/lukehagar/lukehagar/my-source
    targets:
        plexgo:
            target: go
            source: my-source
            codeSamples:
                output: codeSamples.yaml
