speakeasyVersion: 1.307.2
sources:
    my-source:
        sourceNamespace: my-source
        sourceRevisionDigest: sha256:e429e92e145f815047e82935d7ff7c1bf66e9653a714eabe88b74987c34c760d
        sourceBlobDigest: sha256:3e682a878fcacf05e5778f0a1daced1dd3f4e5d8f86951ae74f4980a9c25079e
        tags:
            - latest
            - main
targets:
    plexgo:
        source: my-source
        sourceNamespace: my-source
        sourceRevisionDigest: sha256:e429e92e145f815047e82935d7ff7c1bf66e9653a714eabe88b74987c34c760d
        sourceBlobDigest: sha256:3e682a878fcacf05e5778f0a1daced1dd3f4e5d8f86951ae74f4980a9c25079e
        outLocation: /github/workspace/repo
workflow:
    workflowVersion: 1.0.0
    speakeasyVersion: latest
    sources:
        my-source:
            inputs:
                - location: https://raw.githubusercontent.com/LukeHagar/plex-api-spec/main/plex-media-server-spec-dereferenced.yaml
            registry:
                location: registry.speakeasyapi.dev/lukehagar/lukehagar/my-source
    targets:
        plexgo:
            target: go
            source: my-source
            codeSamples:
                output: codeSamples.yaml
