speakeasyVersion: 1.308.1
sources:
    my-source:
        sourceNamespace: my-source
        sourceRevisionDigest: sha256:7c8d6aba90098356ba6c93b2ec679c4a6b7bf28eebdfbe12ab238a47b31eebd9
        sourceBlobDigest: sha256:673b2e8e0f4802ebdce582bd11cf375fb435a50e5a67b08b56ede08efc49aefe
        tags:
            - latest
            - main
targets:
    plexgo:
        source: my-source
        sourceNamespace: my-source
        sourceRevisionDigest: sha256:7c8d6aba90098356ba6c93b2ec679c4a6b7bf28eebdfbe12ab238a47b31eebd9
        sourceBlobDigest: sha256:673b2e8e0f4802ebdce582bd11cf375fb435a50e5a67b08b56ede08efc49aefe
        outLocation: /github/workspace/repo
workflow:
    workflowVersion: 1.0.0
    speakeasyVersion: latest
    sources:
        my-source:
            inputs:
                - location: https://raw.githubusercontent.com/LukeHagar/plex-api-spec/main/plex-media-server-spec-dereferenced.yaml
            registry:
                location: registry.speakeasyapi.dev/lukehagar/lukehagar/my-source
    targets:
        plexgo:
            target: go
            source: my-source
            codeSamples:
                output: codeSamples.yaml
